
Microsoft Visual Studio Solution File, Format Version 12.00
# Visual Studio Version 16
VisualStudioVersion = 16.0.30011.22
MinimumVisualStudioVersion = 10.0.40219.1
Project("{9A19103F-16F7-4668-BE54-9A1E7A4F7556}") = "ProcessArray", "ProcessArray.csproj", "{8347EE90-61BE-4472-8319-E0B66A6DC759}"
EndProject
Project("{FAE04EC0-301F-11D3-BF4B-00C04F79EFBC}") = "TestProcessArray", "..\TestProcessArray\TestProcessArray.csproj", "{13CD6BAB-A6CF-483E-AC56-46ADD04065F6}"
EndProject
Global
	GlobalSection(SolutionConfigurationPlatforms) = preSolution
		Debug|Any CPU = Debug|Any CPU
		Release|Any CPU = Release|Any CPU
	EndGlobalSection
	GlobalSection(ProjectConfigurationPlatforms) = postSolution
		{8347EE90-61BE-4472-8319-E0B66A6DC759}.Debug|Any CPU.ActiveCfg = Debug|Any CPU
		{8347EE90-61BE-4472-8319-E0B66A6DC759}.Debug|Any CPU.Build.0 = Debug|Any CPU
		{8347EE90-61BE-4472-8319-E0B66A6DC759}.Release|Any CPU.ActiveCfg = Release|Any CPU
		{8347EE90-61BE-4472-8319-E0B66A6DC759}.Release|Any CPU.Build.0 = Release|Any CPU
		{13CD6BAB-A6CF-483E-AC56-46ADD04065F6}.Debug|Any CPU.ActiveCfg = Debug|Any CPU
		{13CD6BAB-A6CF-483E-AC56-46ADD04065F6}.Debug|Any CPU.Build.0 = Debug|Any CPU
		{13CD6BAB-A6CF-483E-AC56-46ADD04065F6}.Release|Any CPU.ActiveCfg = Release|Any CPU
		{13CD6BAB-A6CF-483E-AC56-46ADD04065F6}.Release|Any CPU.Build.0 = Release|Any CPU
	EndGlobalSection
	GlobalSection(SolutionProperties) = preSolution
		HideSolutionNode = FALSE
	EndGlobalSection
	GlobalSection(ExtensibilityGlobals) = postSolution
		SolutionGuid = {AC472853-331A-4EC8-9DA4-AE2E038B3DC5}
	EndGlobalSection
EndGlobal
